
Microsoft Visual Studio Solution File, Format Version 12.00
# Visual Studio Version 17
VisualStudioVersion = 17.11.35303.130
MinimumVisualStudioVersion = 10.0.40219.1
Project("{FAE04EC0-301F-11D3-BF4B-00C04F79EFBC}") = "Garage_1.0", "Garage_1.0\Garage_1.0.csproj", "{042ADF97-0675-47B9-9FCD-8F54136CF395}"
EndProject
Global
	GlobalSection(SolutionConfigurationPlatforms) = preSolution
		Debug|Any CPU = Debug|Any CPU
		Release|Any CPU = Release|Any CPU
	EndGlobalSection
	GlobalSection(ProjectConfigurationPlatforms) = postSolution
		{042ADF97-0675-47B9-9FCD-8F54136CF395}.Debug|Any CPU.ActiveCfg = Debug|Any CPU
		{042ADF97-0675-47B9-9FCD-8F54136CF395}.Debug|Any CPU.Build.0 = Debug|Any CPU
		{042ADF97-0675-47B9-9FCD-8F54136CF395}.Release|Any CPU.ActiveCfg = Release|Any CPU
		{042ADF97-0675-47B9-9FCD-8F54136CF395}.Release|Any CPU.Build.0 = Release|Any CPU
	EndGlobalSection
	GlobalSection(SolutionProperties) = preSolution
		HideSolutionNode = FALSE
	EndGlobalSection
	GlobalSection(ExtensibilityGlobals) = postSolution
		SolutionGuid = {42FE96B5-9EA2-47F9-8906-80881E08841C}
	EndGlobalSection
EndGlobal
